
Microsoft Visual Studio Solution File, Format Version 12.00
# Visual Studio Version 16
VisualStudioVersion = 16.0.31624.102
MinimumVisualStudioVersion = 10.0.40219.1
Project("{FAE04EC0-301F-11D3-BF4B-00C04F79EFBC}") = "VTTiny", "VTTiny\VTTiny.csproj", "{C5F073CA-8855-4E81-A20E-7546E0B3D122}"
EndProject
Global
	GlobalSection(SolutionConfigurationPlatforms) = preSolution
		Debug|Any CPU = Debug|Any CPU
		Release|Any CPU = Release|Any CPU
	EndGlobalSection
	GlobalSection(ProjectConfigurationPlatforms) = postSolution
		{C5F073CA-8855-4E81-A20E-7546E0B3D122}.Debug|Any CPU.ActiveCfg = Debug|Any CPU
		{C5F073CA-8855-4E81-A20E-7546E0B3D122}.Debug|Any CPU.Build.0 = Debug|Any CPU
		{C5F073CA-8855-4E81-A20E-7546E0B3D122}.Release|Any CPU.ActiveCfg = Release|Any CPU
		{C5F073CA-8855-4E81-A20E-7546E0B3D122}.Release|Any CPU.Build.0 = Release|Any CPU
	EndGlobalSection
	GlobalSection(SolutionProperties) = preSolution
		HideSolutionNode = FALSE
	EndGlobalSection
	GlobalSection(ExtensibilityGlobals) = postSolution
		SolutionGuid = {0B9BA3B6-9998-4A1F-B345-BFF295F52A9B}
	EndGlobalSection
EndGlobal
